
Microsoft Visual Studio Solution File, Format Version 12.00
# Visual Studio Version 16
VisualStudioVersion = 16.0.30611.23
MinimumVisualStudioVersion = 10.0.40219.1
Project("{9A19103F-16F7-4668-BE54-9A1E7A4F7556}") = "Apollo.Core.Dal.Dao", "Apollo.Core.Dal.Dao\Apollo.Core.Dal.Dao.csproj", "{03AA0DB4-5458-468F-8783-D1560700F3D1}"
EndProject
Project("{2150E333-8FDC-42A3-9474-1A3956D46DE8}") = "Core.Dal", "Core.Dal", "{6F7939AE-9B46-4E9F-AD01-D8E6AAFCC793}"
EndProject
Project("{9A19103F-16F7-4668-BE54-9A1E7A4F7556}") = "Apollo.Core.Dal.Interface", "Apollo.Core.Dal.Interface\Apollo.Core.Dal.Interface.csproj", "{449EA85D-BFAB-4A10-BBAA-C4CE8CB7F156}"
EndProject
Project("{9A19103F-16F7-4668-BE54-9A1E7A4F7556}") = "Apollo.Core.Dal.Common", "Apollo.Core.Dal.Common\Apollo.Core.Dal.Common.csproj", "{D3D1710C-BC39-4AD8-BBF0-FEEE52B36CCB}"
EndProject
Project("{9A19103F-16F7-4668-BE54-9A1E7A4F7556}") = "Apollo.Core.Dal.Mock", "Apollo.Core.Dal.Mock\Apollo.Core.Dal.Mock.csproj", "{36ABECC5-F44B-4C79-A98F-D30EA9643FD9}"
EndProject
Project("{2150E333-8FDC-42A3-9474-1A3956D46DE8}") = "Core", "Core", "{9B7FE36F-CCFB-4874-84E0-7703DDE3BA79}"
EndProject
Project("{9A19103F-16F7-4668-BE54-9A1E7A4F7556}") = "Apollo.Core.Domain", "Apollo.Core.Domain\Apollo.Core.Domain.csproj", "{04070810-5E14-416C-BD32-2AA5D0122FC9}"
EndProject
Project("{9A19103F-16F7-4668-BE54-9A1E7A4F7556}") = "Apollo.Core.Test", "Apollo.Core.Test\Apollo.Core.Test.csproj", "{1BF14AC9-AACF-4FBE-9198-5EA70D3292BD}"
EndProject
Project("{2150E333-8FDC-42A3-9474-1A3956D46DE8}") = "Terminal", "Terminal", "{1B108224-E711-44C9-922A-A8B29672AB01}"
EndProject
Project("{9A19103F-16F7-4668-BE54-9A1E7A4F7556}") = "Apollo.Terminal", "Apollo.Terminal\Apollo.Terminal.csproj", "{C60F438D-47D2-4E05-BE38-178F1951E390}"
EndProject
Project("{9A19103F-16F7-4668-BE54-9A1E7A4F7556}") = "Apollo.BL", "Apollo.BL\Apollo.BL.csproj", "{B47713B9-5DE4-4149-BC41-28B8C966BA3D}"
EndProject
Project("{9A19103F-16F7-4668-BE54-9A1E7A4F7556}") = "Apollo.BLInterface", "Apollo.BLInterface\Apollo.BLInterface.csproj", "{00CC5F6B-B106-4C75-AD79-E34576FB0A40}"
EndProject
Project("{9A19103F-16F7-4668-BE54-9A1E7A4F7556}") = "Apollo.BL.Test", "Apollo.BL.Test\Apollo.BL.Test.csproj", "{83CC6B56-C360-4174-8C13-60F15A02BD98}"
EndProject
Project("{9A19103F-16F7-4668-BE54-9A1E7A4F7556}") = "Apollo.Print", "Apollo.Print\Apollo.Print.csproj", "{93F8804C-087B-4A6C-B4CD-6DD2E8F4661D}"
EndProject
Project("{9A19103F-16F7-4668-BE54-9A1E7A4F7556}") = "Apollo.Pay", "Apollo.Pay\Apollo.Pay.csproj", "{8AE291A9-BA37-414E-BDA1-CBF589AFCB17}"
EndProject
Project("{2150E333-8FDC-42A3-9474-1A3956D46DE8}") = "Apollo.Plugins", "Apollo.Plugins", "{5C0FE4CD-C5EA-4AED-A102-A412C11EE6B7}"
EndProject
Project("{9A19103F-16F7-4668-BE54-9A1E7A4F7556}") = "Apollo.Plugins.OneReservationPerRow", "Apollo.Plugins\Apollo.Plugins.OneReservationPerRow.csproj", "{5220E21E-3E17-4F7C-891D-3BD888AEEEC0}"
EndProject
Project("{9A19103F-16F7-4668-BE54-9A1E7A4F7556}") = "Apollo.Plugins.TestPlugin", "Apollo.Plugins.TestPlugin\Apollo.Plugins.TestPlugin.csproj", "{4150E6F7-F3D0-477D-BA63-8FD8CD50399E}"
EndProject
Project("{2150E333-8FDC-42A3-9474-1A3956D46DE8}") = "Web", "Web", "{E623EB25-DAC7-4605-B9AD-90E7EFA21959}"
EndProject
Project("{FAE04EC0-301F-11D3-BF4B-00C04F79EFBC}") = "Apollo.Web", "Apollo.Web\Apollo.Web.csproj", "{824AEF21-4A98-4BBB-B7F3-6A7840B04F56}"
EndProject
Global
	GlobalSection(SolutionConfigurationPlatforms) = preSolution
		Debug|Any CPU = Debug|Any CPU
		Docker|Any CPU = Docker|Any CPU
		Release|Any CPU = Release|Any CPU
	EndGlobalSection
	GlobalSection(ProjectConfigurationPlatforms) = postSolution
		{03AA0DB4-5458-468F-8783-D1560700F3D1}.Debug|Any CPU.ActiveCfg = Debug|Any CPU
		{03AA0DB4-5458-468F-8783-D1560700F3D1}.Debug|Any CPU.Build.0 = Debug|Any CPU
		{03AA0DB4-5458-468F-8783-D1560700F3D1}.Docker|Any CPU.ActiveCfg = Docker|Any CPU
		{03AA0DB4-5458-468F-8783-D1560700F3D1}.Docker|Any CPU.Build.0 = Docker|Any CPU
		{03AA0DB4-5458-468F-8783-D1560700F3D1}.Release|Any CPU.ActiveCfg = Release|Any CPU
		{03AA0DB4-5458-468F-8783-D1560700F3D1}.Release|Any CPU.Build.0 = Release|Any CPU
		{449EA85D-BFAB-4A10-BBAA-C4CE8CB7F156}.Debug|Any CPU.ActiveCfg = Debug|Any CPU
		{449EA85D-BFAB-4A10-BBAA-C4CE8CB7F156}.Debug|Any CPU.Build.0 = Debug|Any CPU
		{449EA85D-BFAB-4A10-BBAA-C4CE8CB7F156}.Docker|Any CPU.ActiveCfg = Docker|Any CPU
		{449EA85D-BFAB-4A10-BBAA-C4CE8CB7F156}.Docker|Any CPU.Build.0 = Docker|Any CPU
		{449EA85D-BFAB-4A10-BBAA-C4CE8CB7F156}.Release|Any CPU.ActiveCfg = Release|Any CPU
		{449EA85D-BFAB-4A10-BBAA-C4CE8CB7F156}.Release|Any CPU.Build.0 = Release|Any CPU
		{D3D1710C-BC39-4AD8-BBF0-FEEE52B36CCB}.Debug|Any CPU.ActiveCfg = Debug|Any CPU
		{D3D1710C-BC39-4AD8-BBF0-FEEE52B36CCB}.Debug|Any CPU.Build.0 = Debug|Any CPU
		{D3D1710C-BC39-4AD8-BBF0-FEEE52B36CCB}.Docker|Any CPU.ActiveCfg = Docker|Any CPU
		{D3D1710C-BC39-4AD8-BBF0-FEEE52B36CCB}.Docker|Any CPU.Build.0 = Docker|Any CPU
		{D3D1710C-BC39-4AD8-BBF0-FEEE52B36CCB}.Release|Any CPU.ActiveCfg = Release|Any CPU
		{D3D1710C-BC39-4AD8-BBF0-FEEE52B36CCB}.Release|Any CPU.Build.0 = Release|Any CPU
		{36ABECC5-F44B-4C79-A98F-D30EA9643FD9}.Debug|Any CPU.ActiveCfg = Debug|Any CPU
		{36ABECC5-F44B-4C79-A98F-D30EA9643FD9}.Debug|Any CPU.Build.0 = Debug|Any CPU
		{36ABECC5-F44B-4C79-A98F-D30EA9643FD9}.Docker|Any CPU.ActiveCfg = Docker|Any CPU
		{36ABECC5-F44B-4C79-A98F-D30EA9643FD9}.Docker|Any CPU.Build.0 = Docker|Any CPU
		{36ABECC5-F44B-4C79-A98F-D30EA9643FD9}.Release|Any CPU.ActiveCfg = Release|Any CPU
		{36ABECC5-F44B-4C79-A98F-D30EA9643FD9}.Release|Any CPU.Build.0 = Release|Any CPU
		{04070810-5E14-416C-BD32-2AA5D0122FC9}.Debug|Any CPU.ActiveCfg = Debug|Any CPU
		{04070810-5E14-416C-BD32-2AA5D0122FC9}.Debug|Any CPU.Build.0 = Debug|Any CPU
		{04070810-5E14-416C-BD32-2AA5D0122FC9}.Docker|Any CPU.ActiveCfg = Docker|Any CPU
		{04070810-5E14-416C-BD32-2AA5D0122FC9}.Docker|Any CPU.Build.0 = Docker|Any CPU
		{04070810-5E14-416C-BD32-2AA5D0122FC9}.Release|Any CPU.ActiveCfg = Release|Any CPU
		{04070810-5E14-416C-BD32-2AA5D0122FC9}.Release|Any CPU.Build.0 = Release|Any CPU
		{1BF14AC9-AACF-4FBE-9198-5EA70D3292BD}.Debug|Any CPU.ActiveCfg = Debug|Any CPU
		{1BF14AC9-AACF-4FBE-9198-5EA70D3292BD}.Debug|Any CPU.Build.0 = Debug|Any CPU
		{1BF14AC9-AACF-4FBE-9198-5EA70D3292BD}.Docker|Any CPU.ActiveCfg = Docker|Any CPU
		{1BF14AC9-AACF-4FBE-9198-5EA70D3292BD}.Docker|Any CPU.Build.0 = Docker|Any CPU
		{1BF14AC9-AACF-4FBE-9198-5EA70D3292BD}.Release|Any CPU.ActiveCfg = Release|Any CPU
		{1BF14AC9-AACF-4FBE-9198-5EA70D3292BD}.Release|Any CPU.Build.0 = Release|Any CPU
		{C60F438D-47D2-4E05-BE38-178F1951E390}.Debug|Any CPU.ActiveCfg = Debug|Any CPU
		{C60F438D-47D2-4E05-BE38-178F1951E390}.Debug|Any CPU.Build.0 = Debug|Any CPU
		{C60F438D-47D2-4E05-BE38-178F1951E390}.Docker|Any CPU.ActiveCfg = Docker|Any CPU
		{C60F438D-47D2-4E05-BE38-178F1951E390}.Release|Any CPU.ActiveCfg = Release|Any CPU
		{C60F438D-47D2-4E05-BE38-178F1951E390}.Release|Any CPU.Build.0 = Release|Any CPU
		{B47713B9-5DE4-4149-BC41-28B8C966BA3D}.Debug|Any CPU.ActiveCfg = Debug|Any CPU
		{B47713B9-5DE4-4149-BC41-28B8C966BA3D}.Debug|Any CPU.Build.0 = Debug|Any CPU
		{B47713B9-5DE4-4149-BC41-28B8C966BA3D}.Docker|Any CPU.ActiveCfg = Docker|Any CPU
		{B47713B9-5DE4-4149-BC41-28B8C966BA3D}.Docker|Any CPU.Build.0 = Docker|Any CPU
		{B47713B9-5DE4-4149-BC41-28B8C966BA3D}.Release|Any CPU.ActiveCfg = Release|Any CPU
		{B47713B9-5DE4-4149-BC41-28B8C966BA3D}.Release|Any CPU.Build.0 = Release|Any CPU
		{00CC5F6B-B106-4C75-AD79-E34576FB0A40}.Debug|Any CPU.ActiveCfg = Debug|Any CPU
		{00CC5F6B-B106-4C75-AD79-E34576FB0A40}.Debug|Any CPU.Build.0 = Debug|Any CPU
		{00CC5F6B-B106-4C75-AD79-E34576FB0A40}.Docker|Any CPU.ActiveCfg = Docker|Any CPU
		{00CC5F6B-B106-4C75-AD79-E34576FB0A40}.Docker|Any CPU.Build.0 = Docker|Any CPU
		{00CC5F6B-B106-4C75-AD79-E34576FB0A40}.Release|Any CPU.ActiveCfg = Release|Any CPU
		{00CC5F6B-B106-4C75-AD79-E34576FB0A40}.Release|Any CPU.Build.0 = Release|Any CPU
		{83CC6B56-C360-4174-8C13-60F15A02BD98}.Debug|Any CPU.ActiveCfg = Debug|Any CPU
		{83CC6B56-C360-4174-8C13-60F15A02BD98}.Debug|Any CPU.Build.0 = Debug|Any CPU
		{83CC6B56-C360-4174-8C13-60F15A02BD98}.Docker|Any CPU.ActiveCfg = Docker|Any CPU
		{83CC6B56-C360-4174-8C13-60F15A02BD98}.Docker|Any CPU.Build.0 = Docker|Any CPU
		{83CC6B56-C360-4174-8C13-60F15A02BD98}.Release|Any CPU.ActiveCfg = Release|Any CPU
		{83CC6B56-C360-4174-8C13-60F15A02BD98}.Release|Any CPU.Build.0 = Release|Any CPU
		{93F8804C-087B-4A6C-B4CD-6DD2E8F4661D}.Debug|Any CPU.ActiveCfg = Debug|Any CPU
		{93F8804C-087B-4A6C-B4CD-6DD2E8F4661D}.Debug|Any CPU.Build.0 = Debug|Any CPU
		{93F8804C-087B-4A6C-B4CD-6DD2E8F4661D}.Docker|Any CPU.ActiveCfg = Debug|Any CPU
		{93F8804C-087B-4A6C-B4CD-6DD2E8F4661D}.Docker|Any CPU.Build.0 = Debug|Any CPU
		{93F8804C-087B-4A6C-B4CD-6DD2E8F4661D}.Release|Any CPU.ActiveCfg = Release|Any CPU
		{93F8804C-087B-4A6C-B4CD-6DD2E8F4661D}.Release|Any CPU.Build.0 = Release|Any CPU
		{8AE291A9-BA37-414E-BDA1-CBF589AFCB17}.Debug|Any CPU.ActiveCfg = Debug|Any CPU
		{8AE291A9-BA37-414E-BDA1-CBF589AFCB17}.Debug|Any CPU.Build.0 = Debug|Any CPU
		{8AE291A9-BA37-414E-BDA1-CBF589AFCB17}.Docker|Any CPU.ActiveCfg = Debug|Any CPU
		{8AE291A9-BA37-414E-BDA1-CBF589AFCB17}.Docker|Any CPU.Build.0 = Debug|Any CPU
		{8AE291A9-BA37-414E-BDA1-CBF589AFCB17}.Release|Any CPU.ActiveCfg = Release|Any CPU
		{8AE291A9-BA37-414E-BDA1-CBF589AFCB17}.Release|Any CPU.Build.0 = Release|Any CPU
		{5220E21E-3E17-4F7C-891D-3BD888AEEEC0}.Debug|Any CPU.ActiveCfg = Debug|Any CPU
		{5220E21E-3E17-4F7C-891D-3BD888AEEEC0}.Debug|Any CPU.Build.0 = Debug|Any CPU
		{5220E21E-3E17-4F7C-891D-3BD888AEEEC0}.Docker|Any CPU.ActiveCfg = Debug|Any CPU
		{5220E21E-3E17-4F7C-891D-3BD888AEEEC0}.Docker|Any CPU.Build.0 = Debug|Any CPU
		{5220E21E-3E17-4F7C-891D-3BD888AEEEC0}.Release|Any CPU.ActiveCfg = Release|Any CPU
		{5220E21E-3E17-4F7C-891D-3BD888AEEEC0}.Release|Any CPU.Build.0 = Release|Any CPU
		{4150E6F7-F3D0-477D-BA63-8FD8CD50399E}.Debug|Any CPU.ActiveCfg = Debug|Any CPU
		{4150E6F7-F3D0-477D-BA63-8FD8CD50399E}.Debug|Any CPU.Build.0 = Debug|Any CPU
		{4150E6F7-F3D0-477D-BA63-8FD8CD50399E}.Docker|Any CPU.ActiveCfg = Debug|Any CPU
		{4150E6F7-F3D0-477D-BA63-8FD8CD50399E}.Docker|Any CPU.Build.0 = Debug|Any CPU
		{4150E6F7-F3D0-477D-BA63-8FD8CD50399E}.Release|Any CPU.ActiveCfg = Release|Any CPU
		{4150E6F7-F3D0-477D-BA63-8FD8CD50399E}.Release|Any CPU.Build.0 = Release|Any CPU
		{824AEF21-4A98-4BBB-B7F3-6A7840B04F56}.Debug|Any CPU.ActiveCfg = Debug|Any CPU
		{824AEF21-4A98-4BBB-B7F3-6A7840B04F56}.Debug|Any CPU.Build.0 = Debug|Any CPU
		{824AEF21-4A98-4BBB-B7F3-6A7840B04F56}.Docker|Any CPU.ActiveCfg = Debug|Any CPU
		{824AEF21-4A98-4BBB-B7F3-6A7840B04F56}.Docker|Any CPU.Build.0 = Debug|Any CPU
		{824AEF21-4A98-4BBB-B7F3-6A7840B04F56}.Release|Any CPU.ActiveCfg = Release|Any CPU
		{824AEF21-4A98-4BBB-B7F3-6A7840B04F56}.Release|Any CPU.Build.0 = Release|Any CPU
	EndGlobalSection
	GlobalSection(SolutionProperties) = preSolution
		HideSolutionNode = FALSE
	EndGlobalSection
	GlobalSection(NestedProjects) = preSolution
		{03AA0DB4-5458-468F-8783-D1560700F3D1} = {6F7939AE-9B46-4E9F-AD01-D8E6AAFCC793}
		{449EA85D-BFAB-4A10-BBAA-C4CE8CB7F156} = {6F7939AE-9B46-4E9F-AD01-D8E6AAFCC793}
		{D3D1710C-BC39-4AD8-BBF0-FEEE52B36CCB} = {6F7939AE-9B46-4E9F-AD01-D8E6AAFCC793}
		{36ABECC5-F44B-4C79-A98F-D30EA9643FD9} = {6F7939AE-9B46-4E9F-AD01-D8E6AAFCC793}
		{04070810-5E14-416C-BD32-2AA5D0122FC9} = {9B7FE36F-CCFB-4874-84E0-7703DDE3BA79}
		{1BF14AC9-AACF-4FBE-9198-5EA70D3292BD} = {9B7FE36F-CCFB-4874-84E0-7703DDE3BA79}
		{C60F438D-47D2-4E05-BE38-178F1951E390} = {1B108224-E711-44C9-922A-A8B29672AB01}
		{B47713B9-5DE4-4149-BC41-28B8C966BA3D} = {9B7FE36F-CCFB-4874-84E0-7703DDE3BA79}
		{00CC5F6B-B106-4C75-AD79-E34576FB0A40} = {9B7FE36F-CCFB-4874-84E0-7703DDE3BA79}
		{83CC6B56-C360-4174-8C13-60F15A02BD98} = {9B7FE36F-CCFB-4874-84E0-7703DDE3BA79}
		{93F8804C-087B-4A6C-B4CD-6DD2E8F4661D} = {9B7FE36F-CCFB-4874-84E0-7703DDE3BA79}
		{8AE291A9-BA37-414E-BDA1-CBF589AFCB17} = {9B7FE36F-CCFB-4874-84E0-7703DDE3BA79}
		{5220E21E-3E17-4F7C-891D-3BD888AEEEC0} = {5C0FE4CD-C5EA-4AED-A102-A412C11EE6B7}
		{4150E6F7-F3D0-477D-BA63-8FD8CD50399E} = {5C0FE4CD-C5EA-4AED-A102-A412C11EE6B7}
		{824AEF21-4A98-4BBB-B7F3-6A7840B04F56} = {E623EB25-DAC7-4605-B9AD-90E7EFA21959}
	EndGlobalSection
	GlobalSection(ExtensibilityGlobals) = postSolution
		SolutionGuid = {0BD63DA3-B7D9-4D64-A584-EBA66A0C7C6D}
	EndGlobalSection
EndGlobal
